
Microsoft Visual Studio Solution File, Format Version 12.00
# Visual Studio Version 17
VisualStudioVersion = 17.7.34024.191
MinimumVisualStudioVersion = 10.0.40219.1
Project("{FAE04EC0-301F-11D3-BF4B-00C04F79EFBC}") = "ShitShow", "ShitShow.csproj", "{8D9D54F0-BBBB-4E5E-8AFA-7F3A3CAE6B4D}"
EndProject
Project("{9A19103F-16F7-4668-BE54-9A1E7A4F7556}") = "DocuStat", "..\Aj\DocuStat\DocuStat.csproj", "{C80CFD1D-5FC1-4688-B4EA-1D64384C6741}"
EndProject
Global
	GlobalSection(SolutionConfigurationPlatforms) = preSolution
		Debug|Any CPU = Debug|Any CPU
		Release|Any CPU = Release|Any CPU
	EndGlobalSection
	GlobalSection(ProjectConfigurationPlatforms) = postSolution
		{8D9D54F0-BBBB-4E5E-8AFA-7F3A3CAE6B4D}.Debug|Any CPU.ActiveCfg = Debug|Any CPU
		{8D9D54F0-BBBB-4E5E-8AFA-7F3A3CAE6B4D}.Debug|Any CPU.Build.0 = Debug|Any CPU
		{8D9D54F0-BBBB-4E5E-8AFA-7F3A3CAE6B4D}.Release|Any CPU.ActiveCfg = Release|Any CPU
		{8D9D54F0-BBBB-4E5E-8AFA-7F3A3CAE6B4D}.Release|Any CPU.Build.0 = Release|Any CPU
		{C80CFD1D-5FC1-4688-B4EA-1D64384C6741}.Debug|Any CPU.ActiveCfg = Debug|Any CPU
		{C80CFD1D-5FC1-4688-B4EA-1D64384C6741}.Debug|Any CPU.Build.0 = Debug|Any CPU
		{C80CFD1D-5FC1-4688-B4EA-1D64384C6741}.Release|Any CPU.ActiveCfg = Release|Any CPU
		{C80CFD1D-5FC1-4688-B4EA-1D64384C6741}.Release|Any CPU.Build.0 = Release|Any CPU
	EndGlobalSection
	GlobalSection(SolutionProperties) = preSolution
		HideSolutionNode = FALSE
	EndGlobalSection
	GlobalSection(ExtensibilityGlobals) = postSolution
		SolutionGuid = {F86BEC97-ED3D-480A-8F38-6CBFC50B2955}
	EndGlobalSection
EndGlobal
