
Microsoft Visual Studio Solution File, Format Version 12.00
# Visual Studio Version 17
VisualStudioVersion = 17.8.34322.80
MinimumVisualStudioVersion = 10.0.40219.1
Project("{FAE04EC0-301F-11D3-BF4B-00C04F79EFBC}") = "fakeTetris", "fakeTetris.csproj", "{701FF202-D79E-4BCF-A6E6-26719242806D}"
EndProject
Global
	GlobalSection(SolutionConfigurationPlatforms) = preSolution
		Debug|Any CPU = Debug|Any CPU
		Release|Any CPU = Release|Any CPU
	EndGlobalSection
	GlobalSection(ProjectConfigurationPlatforms) = postSolution
		{701FF202-D79E-4BCF-A6E6-26719242806D}.Debug|Any CPU.ActiveCfg = Debug|Any CPU
		{701FF202-D79E-4BCF-A6E6-26719242806D}.Debug|Any CPU.Build.0 = Debug|Any CPU
		{701FF202-D79E-4BCF-A6E6-26719242806D}.Release|Any CPU.ActiveCfg = Release|Any CPU
		{701FF202-D79E-4BCF-A6E6-26719242806D}.Release|Any CPU.Build.0 = Release|Any CPU
	EndGlobalSection
	GlobalSection(SolutionProperties) = preSolution
		HideSolutionNode = FALSE
	EndGlobalSection
	GlobalSection(ExtensibilityGlobals) = postSolution
		SolutionGuid = {81D89EC3-0627-4045-927A-775FA8B188DC}
	EndGlobalSection
EndGlobal
