
Microsoft Visual Studio Solution File, Format Version 12.00
# Visual Studio Version 17
VisualStudioVersion = 17.7.34024.191
MinimumVisualStudioVersion = 10.0.40219.1
Project("{FAE04EC0-301F-11D3-BF4B-00C04F79EFBC}") = "UnoDuo", "UnoDuo\UnoDuo.csproj", "{D1A1640F-CCDB-4A1F-9941-7548D12DF222}"
EndProject
Global
	GlobalSection(SolutionConfigurationPlatforms) = preSolution
		Debug|Any CPU = Debug|Any CPU
		Release|Any CPU = Release|Any CPU
	EndGlobalSection
	GlobalSection(ProjectConfigurationPlatforms) = postSolution
		{D1A1640F-CCDB-4A1F-9941-7548D12DF222}.Debug|Any CPU.ActiveCfg = Debug|Any CPU
		{D1A1640F-CCDB-4A1F-9941-7548D12DF222}.Debug|Any CPU.Build.0 = Debug|Any CPU
		{D1A1640F-CCDB-4A1F-9941-7548D12DF222}.Release|Any CPU.ActiveCfg = Release|Any CPU
		{D1A1640F-CCDB-4A1F-9941-7548D12DF222}.Release|Any CPU.Build.0 = Release|Any CPU
	EndGlobalSection
	GlobalSection(SolutionProperties) = preSolution
		HideSolutionNode = FALSE
	EndGlobalSection
	GlobalSection(ExtensibilityGlobals) = postSolution
		SolutionGuid = {F6BA1697-B5B2-4864-8965-0AB8375B0CBA}
	EndGlobalSection
EndGlobal
